
Microsoft Visual Studio Solution File, Format Version 12.00
# Visual Studio 2013
VisualStudioVersion = 12.0.30501.0
MinimumVisualStudioVersion = 10.0.40219.1
Project("{FAE04EC0-301F-11D3-BF4B-00C04F79EFBC}") = "W06Q01", "W05Q01\W06Q01.csproj", "{C1F3449C-397D-4109-8C49-D40C6FDC4A50}"
EndProject
Project("{FAE04EC0-301F-11D3-BF4B-00C04F79EFBC}") = "W06Q02", "W05Q02\W06Q02.csproj", "{FE982A4D-7398-4671-9377-D1E3C13F399C}"
EndProject
Global
	GlobalSection(SolutionConfigurationPlatforms) = preSolution
		Debug|Any CPU = Debug|Any CPU
		Release|Any CPU = Release|Any CPU
	EndGlobalSection
	GlobalSection(ProjectConfigurationPlatforms) = postSolution
		{C1F3449C-397D-4109-8C49-D40C6FDC4A50}.Debug|Any CPU.ActiveCfg = Debug|Any CPU
		{C1F3449C-397D-4109-8C49-D40C6FDC4A50}.Debug|Any CPU.Build.0 = Debug|Any CPU
		{C1F3449C-397D-4109-8C49-D40C6FDC4A50}.Release|Any CPU.ActiveCfg = Release|Any CPU
		{C1F3449C-397D-4109-8C49-D40C6FDC4A50}.Release|Any CPU.Build.0 = Release|Any CPU
		{FE982A4D-7398-4671-9377-D1E3C13F399C}.Debug|Any CPU.ActiveCfg = Debug|Any CPU
		{FE982A4D-7398-4671-9377-D1E3C13F399C}.Debug|Any CPU.Build.0 = Debug|Any CPU
		{FE982A4D-7398-4671-9377-D1E3C13F399C}.Release|Any CPU.ActiveCfg = Release|Any CPU
		{FE982A4D-7398-4671-9377-D1E3C13F399C}.Release|Any CPU.Build.0 = Release|Any CPU
	EndGlobalSection
	GlobalSection(SolutionProperties) = preSolution
		HideSolutionNode = FALSE
	EndGlobalSection
EndGlobal
