
Microsoft Visual Studio Solution File, Format Version 12.00
# Visual Studio 2013
VisualStudioVersion = 12.0.30501.0
MinimumVisualStudioVersion = 10.0.40219.1
Project("{FAE04EC0-301F-11D3-BF4B-00C04F79EFBC}") = "W12P01_1-6", "W12Part1\W12P01_1-6.csproj", "{3DEDFAF8-CDB0-4714-8508-34E908F39C51}"
EndProject
Project("{FAE04EC0-301F-11D3-BF4B-00C04F79EFBC}") = "W12P01_7_8", "W12Part1-7and8\W12P01_7_8.csproj", "{31FC3E94-D84C-4814-89F7-024D7A7D48DE}"
EndProject
Project("{FAE04EC0-301F-11D3-BF4B-00C04F79EFBC}") = "W12P02", "W12P02\W12P02.csproj", "{1FFE714B-7816-4D49-9A84-40BDC994FF17}"
EndProject
Project("{FAE04EC0-301F-11D3-BF4B-00C04F79EFBC}") = "W12P03", "W12P03\W12P03.csproj", "{FA459752-8F2E-4968-BDFF-6CD75541C5F5}"
EndProject
Project("{FAE04EC0-301F-11D3-BF4B-00C04F79EFBC}") = "W12P04", "W12P04\W12P04.csproj", "{530225E2-C5AB-4B3A-9CB2-109D18D826AA}"
EndProject
Project("{FAE04EC0-301F-11D3-BF4B-00C04F79EFBC}") = "W12P05", "W12P05\W12P05.csproj", "{A1D0F1DD-CD76-4E64-8AB9-63957F5E8101}"
EndProject
Global
	GlobalSection(SolutionConfigurationPlatforms) = preSolution
		Debug|Any CPU = Debug|Any CPU
		Release|Any CPU = Release|Any CPU
	EndGlobalSection
	GlobalSection(ProjectConfigurationPlatforms) = postSolution
		{3DEDFAF8-CDB0-4714-8508-34E908F39C51}.Debug|Any CPU.ActiveCfg = Debug|Any CPU
		{3DEDFAF8-CDB0-4714-8508-34E908F39C51}.Debug|Any CPU.Build.0 = Debug|Any CPU
		{3DEDFAF8-CDB0-4714-8508-34E908F39C51}.Release|Any CPU.ActiveCfg = Release|Any CPU
		{3DEDFAF8-CDB0-4714-8508-34E908F39C51}.Release|Any CPU.Build.0 = Release|Any CPU
		{31FC3E94-D84C-4814-89F7-024D7A7D48DE}.Debug|Any CPU.ActiveCfg = Debug|Any CPU
		{31FC3E94-D84C-4814-89F7-024D7A7D48DE}.Debug|Any CPU.Build.0 = Debug|Any CPU
		{31FC3E94-D84C-4814-89F7-024D7A7D48DE}.Release|Any CPU.ActiveCfg = Release|Any CPU
		{31FC3E94-D84C-4814-89F7-024D7A7D48DE}.Release|Any CPU.Build.0 = Release|Any CPU
		{1FFE714B-7816-4D49-9A84-40BDC994FF17}.Debug|Any CPU.ActiveCfg = Debug|Any CPU
		{1FFE714B-7816-4D49-9A84-40BDC994FF17}.Debug|Any CPU.Build.0 = Debug|Any CPU
		{1FFE714B-7816-4D49-9A84-40BDC994FF17}.Release|Any CPU.ActiveCfg = Release|Any CPU
		{1FFE714B-7816-4D49-9A84-40BDC994FF17}.Release|Any CPU.Build.0 = Release|Any CPU
		{FA459752-8F2E-4968-BDFF-6CD75541C5F5}.Debug|Any CPU.ActiveCfg = Debug|Any CPU
		{FA459752-8F2E-4968-BDFF-6CD75541C5F5}.Debug|Any CPU.Build.0 = Debug|Any CPU
		{FA459752-8F2E-4968-BDFF-6CD75541C5F5}.Release|Any CPU.ActiveCfg = Release|Any CPU
		{FA459752-8F2E-4968-BDFF-6CD75541C5F5}.Release|Any CPU.Build.0 = Release|Any CPU
		{530225E2-C5AB-4B3A-9CB2-109D18D826AA}.Debug|Any CPU.ActiveCfg = Debug|Any CPU
		{530225E2-C5AB-4B3A-9CB2-109D18D826AA}.Debug|Any CPU.Build.0 = Debug|Any CPU
		{530225E2-C5AB-4B3A-9CB2-109D18D826AA}.Release|Any CPU.ActiveCfg = Release|Any CPU
		{530225E2-C5AB-4B3A-9CB2-109D18D826AA}.Release|Any CPU.Build.0 = Release|Any CPU
		{A1D0F1DD-CD76-4E64-8AB9-63957F5E8101}.Debug|Any CPU.ActiveCfg = Debug|Any CPU
		{A1D0F1DD-CD76-4E64-8AB9-63957F5E8101}.Debug|Any CPU.Build.0 = Debug|Any CPU
		{A1D0F1DD-CD76-4E64-8AB9-63957F5E8101}.Release|Any CPU.ActiveCfg = Release|Any CPU
		{A1D0F1DD-CD76-4E64-8AB9-63957F5E8101}.Release|Any CPU.Build.0 = Release|Any CPU
	EndGlobalSection
	GlobalSection(SolutionProperties) = preSolution
		HideSolutionNode = FALSE
	EndGlobalSection
EndGlobal
