
Microsoft Visual Studio Solution File, Format Version 12.00
# Visual Studio 2013
VisualStudioVersion = 12.0.30501.0
MinimumVisualStudioVersion = 10.0.40219.1
Project("{FAE04EC0-301F-11D3-BF4B-00C04F79EFBC}") = "W04E01", "W04E01\W04E01.csproj", "{EE5F676D-3889-4AF4-980C-939EB2865718}"
EndProject
Project("{FAE04EC0-301F-11D3-BF4B-00C04F79EFBC}") = "W04E02", "W04E02\W04E02.csproj", "{2C0C1BBF-1569-4145-8DFD-B625184D42ED}"
EndProject
Project("{FAE04EC0-301F-11D3-BF4B-00C04F79EFBC}") = "W04E03", "W04E03\W04E03.csproj", "{6D5CDCAD-7E3F-4F21-9FE4-5825FAD6E65E}"
EndProject
Project("{FAE04EC0-301F-11D3-BF4B-00C04F79EFBC}") = "W04E04", "W04E04\W04E04.csproj", "{97AB85BF-CB4C-429A-B934-D16B6F892A8C}"
EndProject
Project("{FAE04EC0-301F-11D3-BF4B-00C04F79EFBC}") = "W04E05", "W04E05\W04E05.csproj", "{7FD3EAF6-E389-40B9-BD35-477AAB424A96}"
EndProject
Project("{FAE04EC0-301F-11D3-BF4B-00C04F79EFBC}") = "W04E06", "W04E06\W04E06.csproj", "{3ED2E27A-A6BE-48DC-BB18-C75C8DEBBDB8}"
EndProject
Project("{FAE04EC0-301F-11D3-BF4B-00C04F79EFBC}") = "W04E07", "W04E07\W04E07.csproj", "{EE97942D-612A-4AE1-AA06-22A8529C4E3D}"
EndProject
Project("{FAE04EC0-301F-11D3-BF4B-00C04F79EFBC}") = "W04E08", "W04E08\W04E08.csproj", "{2F6F0DEA-1BC1-4756-B6DF-8204A76A2FC8}"
EndProject
Project("{FAE04EC0-301F-11D3-BF4B-00C04F79EFBC}") = "W04E09", "W04E09\W04E09.csproj", "{AF1675D9-D262-4443-8263-A0E9A8834272}"
EndProject
Project("{FAE04EC0-301F-11D3-BF4B-00C04F79EFBC}") = "W04E10", "W04E10\W04E10.csproj", "{E60C9DFF-179B-40FE-8608-8EDD95A2872F}"
EndProject
Project("{FAE04EC0-301F-11D3-BF4B-00C04F79EFBC}") = "W04E11", "W04E11\W04E11.csproj", "{C98CD5EC-8D4A-430F-9F1B-F41E5598B18B}"
EndProject
Project("{FAE04EC0-301F-11D3-BF4B-00C04F79EFBC}") = "W04E12", "W04E12\W04E12.csproj", "{07C7BC64-EF89-4C39-BABF-70D7E2302CA9}"
EndProject
Project("{FAE04EC0-301F-11D3-BF4B-00C04F79EFBC}") = "W04E13", "W04E13\W04E13.csproj", "{9F4AA08B-AEA3-4859-9919-042FCFACAAE3}"
EndProject
Project("{FAE04EC0-301F-11D3-BF4B-00C04F79EFBC}") = "W04E14", "W04E14\W04E14.csproj", "{709845C3-9876-46E1-9FCC-02C5B7E8A663}"
EndProject
Global
	GlobalSection(SolutionConfigurationPlatforms) = preSolution
		Debug|Any CPU = Debug|Any CPU
		Release|Any CPU = Release|Any CPU
	EndGlobalSection
	GlobalSection(ProjectConfigurationPlatforms) = postSolution
		{EE5F676D-3889-4AF4-980C-939EB2865718}.Debug|Any CPU.ActiveCfg = Debug|Any CPU
		{EE5F676D-3889-4AF4-980C-939EB2865718}.Debug|Any CPU.Build.0 = Debug|Any CPU
		{EE5F676D-3889-4AF4-980C-939EB2865718}.Release|Any CPU.ActiveCfg = Release|Any CPU
		{EE5F676D-3889-4AF4-980C-939EB2865718}.Release|Any CPU.Build.0 = Release|Any CPU
		{2C0C1BBF-1569-4145-8DFD-B625184D42ED}.Debug|Any CPU.ActiveCfg = Debug|Any CPU
		{2C0C1BBF-1569-4145-8DFD-B625184D42ED}.Debug|Any CPU.Build.0 = Debug|Any CPU
		{2C0C1BBF-1569-4145-8DFD-B625184D42ED}.Release|Any CPU.ActiveCfg = Release|Any CPU
		{2C0C1BBF-1569-4145-8DFD-B625184D42ED}.Release|Any CPU.Build.0 = Release|Any CPU
		{6D5CDCAD-7E3F-4F21-9FE4-5825FAD6E65E}.Debug|Any CPU.ActiveCfg = Debug|Any CPU
		{6D5CDCAD-7E3F-4F21-9FE4-5825FAD6E65E}.Debug|Any CPU.Build.0 = Debug|Any CPU
		{6D5CDCAD-7E3F-4F21-9FE4-5825FAD6E65E}.Release|Any CPU.ActiveCfg = Release|Any CPU
		{6D5CDCAD-7E3F-4F21-9FE4-5825FAD6E65E}.Release|Any CPU.Build.0 = Release|Any CPU
		{97AB85BF-CB4C-429A-B934-D16B6F892A8C}.Debug|Any CPU.ActiveCfg = Debug|Any CPU
		{97AB85BF-CB4C-429A-B934-D16B6F892A8C}.Debug|Any CPU.Build.0 = Debug|Any CPU
		{97AB85BF-CB4C-429A-B934-D16B6F892A8C}.Release|Any CPU.ActiveCfg = Release|Any CPU
		{97AB85BF-CB4C-429A-B934-D16B6F892A8C}.Release|Any CPU.Build.0 = Release|Any CPU
		{7FD3EAF6-E389-40B9-BD35-477AAB424A96}.Debug|Any CPU.ActiveCfg = Debug|Any CPU
		{7FD3EAF6-E389-40B9-BD35-477AAB424A96}.Debug|Any CPU.Build.0 = Debug|Any CPU
		{7FD3EAF6-E389-40B9-BD35-477AAB424A96}.Release|Any CPU.ActiveCfg = Release|Any CPU
		{7FD3EAF6-E389-40B9-BD35-477AAB424A96}.Release|Any CPU.Build.0 = Release|Any CPU
		{3ED2E27A-A6BE-48DC-BB18-C75C8DEBBDB8}.Debug|Any CPU.ActiveCfg = Debug|Any CPU
		{3ED2E27A-A6BE-48DC-BB18-C75C8DEBBDB8}.Debug|Any CPU.Build.0 = Debug|Any CPU
		{3ED2E27A-A6BE-48DC-BB18-C75C8DEBBDB8}.Release|Any CPU.ActiveCfg = Release|Any CPU
		{3ED2E27A-A6BE-48DC-BB18-C75C8DEBBDB8}.Release|Any CPU.Build.0 = Release|Any CPU
		{EE97942D-612A-4AE1-AA06-22A8529C4E3D}.Debug|Any CPU.ActiveCfg = Debug|Any CPU
		{EE97942D-612A-4AE1-AA06-22A8529C4E3D}.Debug|Any CPU.Build.0 = Debug|Any CPU
		{EE97942D-612A-4AE1-AA06-22A8529C4E3D}.Release|Any CPU.ActiveCfg = Release|Any CPU
		{EE97942D-612A-4AE1-AA06-22A8529C4E3D}.Release|Any CPU.Build.0 = Release|Any CPU
		{2F6F0DEA-1BC1-4756-B6DF-8204A76A2FC8}.Debug|Any CPU.ActiveCfg = Debug|Any CPU
		{2F6F0DEA-1BC1-4756-B6DF-8204A76A2FC8}.Debug|Any CPU.Build.0 = Debug|Any CPU
		{2F6F0DEA-1BC1-4756-B6DF-8204A76A2FC8}.Release|Any CPU.ActiveCfg = Release|Any CPU
		{2F6F0DEA-1BC1-4756-B6DF-8204A76A2FC8}.Release|Any CPU.Build.0 = Release|Any CPU
		{AF1675D9-D262-4443-8263-A0E9A8834272}.Debug|Any CPU.ActiveCfg = Debug|Any CPU
		{AF1675D9-D262-4443-8263-A0E9A8834272}.Debug|Any CPU.Build.0 = Debug|Any CPU
		{AF1675D9-D262-4443-8263-A0E9A8834272}.Release|Any CPU.ActiveCfg = Release|Any CPU
		{AF1675D9-D262-4443-8263-A0E9A8834272}.Release|Any CPU.Build.0 = Release|Any CPU
		{E60C9DFF-179B-40FE-8608-8EDD95A2872F}.Debug|Any CPU.ActiveCfg = Debug|Any CPU
		{E60C9DFF-179B-40FE-8608-8EDD95A2872F}.Debug|Any CPU.Build.0 = Debug|Any CPU
		{E60C9DFF-179B-40FE-8608-8EDD95A2872F}.Release|Any CPU.ActiveCfg = Release|Any CPU
		{E60C9DFF-179B-40FE-8608-8EDD95A2872F}.Release|Any CPU.Build.0 = Release|Any CPU
		{C98CD5EC-8D4A-430F-9F1B-F41E5598B18B}.Debug|Any CPU.ActiveCfg = Debug|Any CPU
		{C98CD5EC-8D4A-430F-9F1B-F41E5598B18B}.Debug|Any CPU.Build.0 = Debug|Any CPU
		{C98CD5EC-8D4A-430F-9F1B-F41E5598B18B}.Release|Any CPU.ActiveCfg = Release|Any CPU
		{C98CD5EC-8D4A-430F-9F1B-F41E5598B18B}.Release|Any CPU.Build.0 = Release|Any CPU
		{07C7BC64-EF89-4C39-BABF-70D7E2302CA9}.Debug|Any CPU.ActiveCfg = Debug|Any CPU
		{07C7BC64-EF89-4C39-BABF-70D7E2302CA9}.Debug|Any CPU.Build.0 = Debug|Any CPU
		{07C7BC64-EF89-4C39-BABF-70D7E2302CA9}.Release|Any CPU.ActiveCfg = Release|Any CPU
		{07C7BC64-EF89-4C39-BABF-70D7E2302CA9}.Release|Any CPU.Build.0 = Release|Any CPU
		{9F4AA08B-AEA3-4859-9919-042FCFACAAE3}.Debug|Any CPU.ActiveCfg = Debug|Any CPU
		{9F4AA08B-AEA3-4859-9919-042FCFACAAE3}.Debug|Any CPU.Build.0 = Debug|Any CPU
		{9F4AA08B-AEA3-4859-9919-042FCFACAAE3}.Release|Any CPU.ActiveCfg = Release|Any CPU
		{9F4AA08B-AEA3-4859-9919-042FCFACAAE3}.Release|Any CPU.Build.0 = Release|Any CPU
		{709845C3-9876-46E1-9FCC-02C5B7E8A663}.Debug|Any CPU.ActiveCfg = Debug|Any CPU
		{709845C3-9876-46E1-9FCC-02C5B7E8A663}.Debug|Any CPU.Build.0 = Debug|Any CPU
		{709845C3-9876-46E1-9FCC-02C5B7E8A663}.Release|Any CPU.ActiveCfg = Release|Any CPU
		{709845C3-9876-46E1-9FCC-02C5B7E8A663}.Release|Any CPU.Build.0 = Release|Any CPU
	EndGlobalSection
	GlobalSection(SolutionProperties) = preSolution
		HideSolutionNode = FALSE
	EndGlobalSection
EndGlobal
