
Microsoft Visual Studio Solution File, Format Version 12.00
# Visual Studio 2013
VisualStudioVersion = 12.0.30501.0
MinimumVisualStudioVersion = 10.0.40219.1
Project("{FAE04EC0-301F-11D3-BF4B-00C04F79EFBC}") = "VAQ1", "VAQ1\VAQ1.csproj", "{F57D03C6-12BF-4DFF-B4F6-45B8F6F012A7}"
EndProject
Project("{FAE04EC0-301F-11D3-BF4B-00C04F79EFBC}") = "VAQ0", "VAQ0\VAQ0.csproj", "{FE964D7A-7367-4593-AEA0-B802C1CC8DE9}"
EndProject
Project("{FAE04EC0-301F-11D3-BF4B-00C04F79EFBC}") = "VAQ2", "VAQ2\VAQ2.csproj", "{A648A09A-349C-42AD-8B74-58F8D1EB07BF}"
EndProject
Project("{FAE04EC0-301F-11D3-BF4B-00C04F79EFBC}") = "VAQ3", "VAQ3\VAQ3.csproj", "{88098CFD-79A8-4514-92B3-270DAD713EBF}"
EndProject
Project("{FAE04EC0-301F-11D3-BF4B-00C04F79EFBC}") = "VAQ4", "VAQ4\VAQ4.csproj", "{F12E5766-BD55-4F49-A9F3-95D91B4945A0}"
EndProject
Project("{FAE04EC0-301F-11D3-BF4B-00C04F79EFBC}") = "VBQ0", "VBQ0\VBQ0.csproj", "{405D3155-F596-410A-83FE-EB766AF91BC3}"
EndProject
Project("{FAE04EC0-301F-11D3-BF4B-00C04F79EFBC}") = "VBQ1", "VBQ1\VBQ1.csproj", "{1AD8D40E-EB1A-414A-941C-FF5C923139D9}"
EndProject
Project("{FAE04EC0-301F-11D3-BF4B-00C04F79EFBC}") = "VBQ2", "VBQ2\VBQ2.csproj", "{9E201DFD-7E82-4991-9407-E11725D642F5}"
EndProject
Project("{FAE04EC0-301F-11D3-BF4B-00C04F79EFBC}") = "VBQ3", "VBQ3\VBQ3.csproj", "{8BF5337B-4DB8-4108-8D45-0994FCA5367D}"
EndProject
Project("{FAE04EC0-301F-11D3-BF4B-00C04F79EFBC}") = "VBQ4", "VBQ4\VBQ4.csproj", "{BDE89FBC-7246-41C4-BC8E-54DD9694443D}"
EndProject
Project("{FAE04EC0-301F-11D3-BF4B-00C04F79EFBC}") = "VCQ0", "VCQ0\VCQ0.csproj", "{A6C06609-DFBA-45D1-97A1-628CED004741}"
EndProject
Project("{FAE04EC0-301F-11D3-BF4B-00C04F79EFBC}") = "VCQ1", "VCQ1\VCQ1.csproj", "{9CAA5F37-651B-44B0-98FF-4BD6146627A2}"
EndProject
Project("{FAE04EC0-301F-11D3-BF4B-00C04F79EFBC}") = "VCQ2", "VCQ2\VCQ2.csproj", "{CBF6E5C4-7A9F-4EA9-818E-D5E02AACA715}"
EndProject
Project("{FAE04EC0-301F-11D3-BF4B-00C04F79EFBC}") = "VCQ3", "VCQ3\VCQ3.csproj", "{C89EFCB8-15E1-41A4-9FC0-AFFAA20B169C}"
EndProject
Project("{FAE04EC0-301F-11D3-BF4B-00C04F79EFBC}") = "VCQ4", "VCQ4\VCQ4.csproj", "{D8E2FD7A-DECD-4B13-BE4C-E2C1EBE7D7DF}"
EndProject
Project("{FAE04EC0-301F-11D3-BF4B-00C04F79EFBC}") = "VDQ0", "VDQ0\VDQ0.csproj", "{3A98454D-D71A-4CCF-A920-A7EA325BCB32}"
EndProject
Project("{FAE04EC0-301F-11D3-BF4B-00C04F79EFBC}") = "VDQ1", "VDQ1\VDQ1.csproj", "{B9E27BFE-D932-41F2-A557-311744942FF6}"
EndProject
Project("{FAE04EC0-301F-11D3-BF4B-00C04F79EFBC}") = "VDQ2", "VDQ2\VDQ2.csproj", "{ABF9516A-91DA-4653-9491-FA3D211FC519}"
EndProject
Project("{FAE04EC0-301F-11D3-BF4B-00C04F79EFBC}") = "VDQ3", "VDQ3\VDQ3.csproj", "{BA1A5BEF-BB54-40FA-ACC0-55AFDB2C09AD}"
EndProject
Project("{FAE04EC0-301F-11D3-BF4B-00C04F79EFBC}") = "VDQ4", "VDQ4\VDQ4.csproj", "{9170030B-3979-4AE6-968A-24B689EB4B21}"
EndProject
Global
	GlobalSection(SolutionConfigurationPlatforms) = preSolution
		Debug|Any CPU = Debug|Any CPU
		Release|Any CPU = Release|Any CPU
	EndGlobalSection
	GlobalSection(ProjectConfigurationPlatforms) = postSolution
		{F57D03C6-12BF-4DFF-B4F6-45B8F6F012A7}.Debug|Any CPU.ActiveCfg = Debug|Any CPU
		{F57D03C6-12BF-4DFF-B4F6-45B8F6F012A7}.Debug|Any CPU.Build.0 = Debug|Any CPU
		{F57D03C6-12BF-4DFF-B4F6-45B8F6F012A7}.Release|Any CPU.ActiveCfg = Release|Any CPU
		{F57D03C6-12BF-4DFF-B4F6-45B8F6F012A7}.Release|Any CPU.Build.0 = Release|Any CPU
		{FE964D7A-7367-4593-AEA0-B802C1CC8DE9}.Debug|Any CPU.ActiveCfg = Debug|Any CPU
		{FE964D7A-7367-4593-AEA0-B802C1CC8DE9}.Debug|Any CPU.Build.0 = Debug|Any CPU
		{FE964D7A-7367-4593-AEA0-B802C1CC8DE9}.Release|Any CPU.ActiveCfg = Release|Any CPU
		{FE964D7A-7367-4593-AEA0-B802C1CC8DE9}.Release|Any CPU.Build.0 = Release|Any CPU
		{A648A09A-349C-42AD-8B74-58F8D1EB07BF}.Debug|Any CPU.ActiveCfg = Debug|Any CPU
		{A648A09A-349C-42AD-8B74-58F8D1EB07BF}.Debug|Any CPU.Build.0 = Debug|Any CPU
		{A648A09A-349C-42AD-8B74-58F8D1EB07BF}.Release|Any CPU.ActiveCfg = Release|Any CPU
		{A648A09A-349C-42AD-8B74-58F8D1EB07BF}.Release|Any CPU.Build.0 = Release|Any CPU
		{88098CFD-79A8-4514-92B3-270DAD713EBF}.Debug|Any CPU.ActiveCfg = Debug|Any CPU
		{88098CFD-79A8-4514-92B3-270DAD713EBF}.Debug|Any CPU.Build.0 = Debug|Any CPU
		{88098CFD-79A8-4514-92B3-270DAD713EBF}.Release|Any CPU.ActiveCfg = Release|Any CPU
		{88098CFD-79A8-4514-92B3-270DAD713EBF}.Release|Any CPU.Build.0 = Release|Any CPU
		{F12E5766-BD55-4F49-A9F3-95D91B4945A0}.Debug|Any CPU.ActiveCfg = Debug|Any CPU
		{F12E5766-BD55-4F49-A9F3-95D91B4945A0}.Debug|Any CPU.Build.0 = Debug|Any CPU
		{F12E5766-BD55-4F49-A9F3-95D91B4945A0}.Release|Any CPU.ActiveCfg = Release|Any CPU
		{F12E5766-BD55-4F49-A9F3-95D91B4945A0}.Release|Any CPU.Build.0 = Release|Any CPU
		{405D3155-F596-410A-83FE-EB766AF91BC3}.Debug|Any CPU.ActiveCfg = Debug|Any CPU
		{405D3155-F596-410A-83FE-EB766AF91BC3}.Debug|Any CPU.Build.0 = Debug|Any CPU
		{405D3155-F596-410A-83FE-EB766AF91BC3}.Release|Any CPU.ActiveCfg = Release|Any CPU
		{405D3155-F596-410A-83FE-EB766AF91BC3}.Release|Any CPU.Build.0 = Release|Any CPU
		{1AD8D40E-EB1A-414A-941C-FF5C923139D9}.Debug|Any CPU.ActiveCfg = Debug|Any CPU
		{1AD8D40E-EB1A-414A-941C-FF5C923139D9}.Debug|Any CPU.Build.0 = Debug|Any CPU
		{1AD8D40E-EB1A-414A-941C-FF5C923139D9}.Release|Any CPU.ActiveCfg = Release|Any CPU
		{1AD8D40E-EB1A-414A-941C-FF5C923139D9}.Release|Any CPU.Build.0 = Release|Any CPU
		{9E201DFD-7E82-4991-9407-E11725D642F5}.Debug|Any CPU.ActiveCfg = Debug|Any CPU
		{9E201DFD-7E82-4991-9407-E11725D642F5}.Debug|Any CPU.Build.0 = Debug|Any CPU
		{9E201DFD-7E82-4991-9407-E11725D642F5}.Release|Any CPU.ActiveCfg = Release|Any CPU
		{9E201DFD-7E82-4991-9407-E11725D642F5}.Release|Any CPU.Build.0 = Release|Any CPU
		{8BF5337B-4DB8-4108-8D45-0994FCA5367D}.Debug|Any CPU.ActiveCfg = Debug|Any CPU
		{8BF5337B-4DB8-4108-8D45-0994FCA5367D}.Debug|Any CPU.Build.0 = Debug|Any CPU
		{8BF5337B-4DB8-4108-8D45-0994FCA5367D}.Release|Any CPU.ActiveCfg = Release|Any CPU
		{8BF5337B-4DB8-4108-8D45-0994FCA5367D}.Release|Any CPU.Build.0 = Release|Any CPU
		{BDE89FBC-7246-41C4-BC8E-54DD9694443D}.Debug|Any CPU.ActiveCfg = Debug|Any CPU
		{BDE89FBC-7246-41C4-BC8E-54DD9694443D}.Debug|Any CPU.Build.0 = Debug|Any CPU
		{BDE89FBC-7246-41C4-BC8E-54DD9694443D}.Release|Any CPU.ActiveCfg = Release|Any CPU
		{BDE89FBC-7246-41C4-BC8E-54DD9694443D}.Release|Any CPU.Build.0 = Release|Any CPU
		{A6C06609-DFBA-45D1-97A1-628CED004741}.Debug|Any CPU.ActiveCfg = Debug|Any CPU
		{A6C06609-DFBA-45D1-97A1-628CED004741}.Debug|Any CPU.Build.0 = Debug|Any CPU
		{A6C06609-DFBA-45D1-97A1-628CED004741}.Release|Any CPU.ActiveCfg = Release|Any CPU
		{A6C06609-DFBA-45D1-97A1-628CED004741}.Release|Any CPU.Build.0 = Release|Any CPU
		{9CAA5F37-651B-44B0-98FF-4BD6146627A2}.Debug|Any CPU.ActiveCfg = Debug|Any CPU
		{9CAA5F37-651B-44B0-98FF-4BD6146627A2}.Debug|Any CPU.Build.0 = Debug|Any CPU
		{9CAA5F37-651B-44B0-98FF-4BD6146627A2}.Release|Any CPU.ActiveCfg = Release|Any CPU
		{9CAA5F37-651B-44B0-98FF-4BD6146627A2}.Release|Any CPU.Build.0 = Release|Any CPU
		{CBF6E5C4-7A9F-4EA9-818E-D5E02AACA715}.Debug|Any CPU.ActiveCfg = Debug|Any CPU
		{CBF6E5C4-7A9F-4EA9-818E-D5E02AACA715}.Debug|Any CPU.Build.0 = Debug|Any CPU
		{CBF6E5C4-7A9F-4EA9-818E-D5E02AACA715}.Release|Any CPU.ActiveCfg = Release|Any CPU
		{CBF6E5C4-7A9F-4EA9-818E-D5E02AACA715}.Release|Any CPU.Build.0 = Release|Any CPU
		{C89EFCB8-15E1-41A4-9FC0-AFFAA20B169C}.Debug|Any CPU.ActiveCfg = Debug|Any CPU
		{C89EFCB8-15E1-41A4-9FC0-AFFAA20B169C}.Debug|Any CPU.Build.0 = Debug|Any CPU
		{C89EFCB8-15E1-41A4-9FC0-AFFAA20B169C}.Release|Any CPU.ActiveCfg = Release|Any CPU
		{C89EFCB8-15E1-41A4-9FC0-AFFAA20B169C}.Release|Any CPU.Build.0 = Release|Any CPU
		{D8E2FD7A-DECD-4B13-BE4C-E2C1EBE7D7DF}.Debug|Any CPU.ActiveCfg = Debug|Any CPU
		{D8E2FD7A-DECD-4B13-BE4C-E2C1EBE7D7DF}.Debug|Any CPU.Build.0 = Debug|Any CPU
		{D8E2FD7A-DECD-4B13-BE4C-E2C1EBE7D7DF}.Release|Any CPU.ActiveCfg = Release|Any CPU
		{D8E2FD7A-DECD-4B13-BE4C-E2C1EBE7D7DF}.Release|Any CPU.Build.0 = Release|Any CPU
		{3A98454D-D71A-4CCF-A920-A7EA325BCB32}.Debug|Any CPU.ActiveCfg = Debug|Any CPU
		{3A98454D-D71A-4CCF-A920-A7EA325BCB32}.Debug|Any CPU.Build.0 = Debug|Any CPU
		{3A98454D-D71A-4CCF-A920-A7EA325BCB32}.Release|Any CPU.ActiveCfg = Release|Any CPU
		{3A98454D-D71A-4CCF-A920-A7EA325BCB32}.Release|Any CPU.Build.0 = Release|Any CPU
		{B9E27BFE-D932-41F2-A557-311744942FF6}.Debug|Any CPU.ActiveCfg = Debug|Any CPU
		{B9E27BFE-D932-41F2-A557-311744942FF6}.Debug|Any CPU.Build.0 = Debug|Any CPU
		{B9E27BFE-D932-41F2-A557-311744942FF6}.Release|Any CPU.ActiveCfg = Release|Any CPU
		{B9E27BFE-D932-41F2-A557-311744942FF6}.Release|Any CPU.Build.0 = Release|Any CPU
		{ABF9516A-91DA-4653-9491-FA3D211FC519}.Debug|Any CPU.ActiveCfg = Debug|Any CPU
		{ABF9516A-91DA-4653-9491-FA3D211FC519}.Debug|Any CPU.Build.0 = Debug|Any CPU
		{ABF9516A-91DA-4653-9491-FA3D211FC519}.Release|Any CPU.ActiveCfg = Release|Any CPU
		{ABF9516A-91DA-4653-9491-FA3D211FC519}.Release|Any CPU.Build.0 = Release|Any CPU
		{BA1A5BEF-BB54-40FA-ACC0-55AFDB2C09AD}.Debug|Any CPU.ActiveCfg = Debug|Any CPU
		{BA1A5BEF-BB54-40FA-ACC0-55AFDB2C09AD}.Debug|Any CPU.Build.0 = Debug|Any CPU
		{BA1A5BEF-BB54-40FA-ACC0-55AFDB2C09AD}.Release|Any CPU.ActiveCfg = Release|Any CPU
		{BA1A5BEF-BB54-40FA-ACC0-55AFDB2C09AD}.Release|Any CPU.Build.0 = Release|Any CPU
		{9170030B-3979-4AE6-968A-24B689EB4B21}.Debug|Any CPU.ActiveCfg = Debug|Any CPU
		{9170030B-3979-4AE6-968A-24B689EB4B21}.Debug|Any CPU.Build.0 = Debug|Any CPU
		{9170030B-3979-4AE6-968A-24B689EB4B21}.Release|Any CPU.ActiveCfg = Release|Any CPU
		{9170030B-3979-4AE6-968A-24B689EB4B21}.Release|Any CPU.Build.0 = Release|Any CPU
	EndGlobalSection
	GlobalSection(SolutionProperties) = preSolution
		HideSolutionNode = FALSE
	EndGlobalSection
EndGlobal
