
Microsoft Visual Studio Solution File, Format Version 12.00
# Visual Studio 2013
VisualStudioVersion = 12.0.30501.0
MinimumVisualStudioVersion = 10.0.40219.1
Project("{FAE04EC0-301F-11D3-BF4B-00C04F79EFBC}") = "W08Q01", "W08Q01\W08Q01.csproj", "{4F9488FA-0C5F-45FF-9C4C-F97802E45B88}"
EndProject
Project("{FAE04EC0-301F-11D3-BF4B-00C04F79EFBC}") = "W08Q02", "W08Q02\W08Q02.csproj", "{CDA18712-01E4-4BD2-BFF5-0A4E8E7D8059}"
EndProject
Project("{FAE04EC0-301F-11D3-BF4B-00C04F79EFBC}") = "W08Q03", "W08Q03\W08Q03.csproj", "{65EDEBDC-A0E6-4B37-95BC-7BC29451C780}"
EndProject
Project("{FAE04EC0-301F-11D3-BF4B-00C04F79EFBC}") = "W08Q04", "W08Q04\W08Q04.csproj", "{4D613BDC-A639-4D4B-8A47-98FC960DDBB9}"
EndProject
Project("{FAE04EC0-301F-11D3-BF4B-00C04F79EFBC}") = "W08Q05", "W08Q05\W08Q05.csproj", "{ADF95B2B-CBA8-4EF2-98B6-BE68BC47017A}"
EndProject
Project("{FAE04EC0-301F-11D3-BF4B-00C04F79EFBC}") = "W08Q06", "W08Q06\W08Q06.csproj", "{D996F88B-F786-4A6B-B49B-3BA4A2BE053C}"
EndProject
Project("{FAE04EC0-301F-11D3-BF4B-00C04F79EFBC}") = "W08Q07", "W08Q07\W08Q07.csproj", "{28FBFAE1-1120-4EC4-A4BA-25D33D61F085}"
EndProject
Project("{FAE04EC0-301F-11D3-BF4B-00C04F79EFBC}") = "W08Q08", "W08Q08\W08Q08.csproj", "{A45E5BBE-3860-4BDF-9DC6-F608CF74C72E}"
EndProject
Project("{FAE04EC0-301F-11D3-BF4B-00C04F79EFBC}") = "W08Q09", "W08Q09\W08Q09.csproj", "{F409D363-7F4B-4395-802B-484181EDB36B}"
EndProject
Project("{FAE04EC0-301F-11D3-BF4B-00C04F79EFBC}") = "W08Q10", "W08Q10\W08Q10.csproj", "{28640B9F-A43C-44E0-AC21-92E50C8B9336}"
EndProject
Project("{FAE04EC0-301F-11D3-BF4B-00C04F79EFBC}") = "W08Q11", "W08Q11\W08Q11.csproj", "{71AF9600-78C1-4662-A8EF-9391BB25EE1E}"
EndProject
Project("{FAE04EC0-301F-11D3-BF4B-00C04F79EFBC}") = "W08Q12", "W08Q12\W08Q12.csproj", "{660399E5-250F-420C-8DAE-2A8774C6D1F5}"
EndProject
Project("{FAE04EC0-301F-11D3-BF4B-00C04F79EFBC}") = "W08Q13", "W08Q13\W08Q13.csproj", "{624D604D-A773-4C55-B90F-E2894B4932EC}"
EndProject
Project("{FAE04EC0-301F-11D3-BF4B-00C04F79EFBC}") = "W08Q15a", "W08Q15a\W08Q15a.csproj", "{07847E0D-7851-42B6-BB9C-0764D5FA9A34}"
EndProject
Project("{FAE04EC0-301F-11D3-BF4B-00C04F79EFBC}") = "W08Q14a", "W08Q14a\W08Q14a.csproj", "{B2DCAF4A-B2BE-4D21-8CBF-8B8296377182}"
EndProject
Project("{FAE04EC0-301F-11D3-BF4B-00C04F79EFBC}") = "W08Q14b", "W08Q14b\W08Q14b.csproj", "{73CFD113-D2A0-49D6-8548-79BFA9EC0064}"
EndProject
Project("{FAE04EC0-301F-11D3-BF4B-00C04F79EFBC}") = "W08Q14c", "W08Q14c\W08Q14c.csproj", "{FA4A7AA1-F3E8-4931-89B7-71BB8DBBB687}"
EndProject
Project("{FAE04EC0-301F-11D3-BF4B-00C04F79EFBC}") = "W08Q15b", "W08Q15b\W08Q15b.csproj", "{00983FAE-6FFE-430A-92D8-F0C8725EA737}"
EndProject
Project("{FAE04EC0-301F-11D3-BF4B-00C04F79EFBC}") = "W08Q16a", "W08Q16a\W08Q16a.csproj", "{63DBC36C-CA5F-4CD5-AC66-3566ACA708A5}"
EndProject
Project("{FAE04EC0-301F-11D3-BF4B-00C04F79EFBC}") = "W08Q16b", "W08Q16b\W08Q16b.csproj", "{E74A671C-3BDB-4EA9-AE5D-6A2237EE9618}"
EndProject
Project("{FAE04EC0-301F-11D3-BF4B-00C04F79EFBC}") = "W08Q17a", "W08Q17a\W08Q17a.csproj", "{C661515C-70C5-4BAA-A284-3301BE21341C}"
EndProject
Project("{FAE04EC0-301F-11D3-BF4B-00C04F79EFBC}") = "W08Q17b", "W08Q17b\W08Q17b.csproj", "{557CFB08-D8F0-4FD6-BBE5-8DCD3F2D100D}"
EndProject
Project("{FAE04EC0-301F-11D3-BF4B-00C04F79EFBC}") = "W08Q18a", "W08Q18a\W08Q18a.csproj", "{36E75117-5759-43A2-82F1-A19B32F70241}"
EndProject
Project("{FAE04EC0-301F-11D3-BF4B-00C04F79EFBC}") = "W08Q18b", "W08Q18b\W08Q18b.csproj", "{308095D5-EC33-45B2-A63A-1749A31A15C2}"
EndProject
Global
	GlobalSection(SolutionConfigurationPlatforms) = preSolution
		Debug|Any CPU = Debug|Any CPU
		Release|Any CPU = Release|Any CPU
	EndGlobalSection
	GlobalSection(ProjectConfigurationPlatforms) = postSolution
		{4F9488FA-0C5F-45FF-9C4C-F97802E45B88}.Debug|Any CPU.ActiveCfg = Debug|Any CPU
		{4F9488FA-0C5F-45FF-9C4C-F97802E45B88}.Debug|Any CPU.Build.0 = Debug|Any CPU
		{4F9488FA-0C5F-45FF-9C4C-F97802E45B88}.Release|Any CPU.ActiveCfg = Release|Any CPU
		{4F9488FA-0C5F-45FF-9C4C-F97802E45B88}.Release|Any CPU.Build.0 = Release|Any CPU
		{CDA18712-01E4-4BD2-BFF5-0A4E8E7D8059}.Debug|Any CPU.ActiveCfg = Debug|Any CPU
		{CDA18712-01E4-4BD2-BFF5-0A4E8E7D8059}.Debug|Any CPU.Build.0 = Debug|Any CPU
		{CDA18712-01E4-4BD2-BFF5-0A4E8E7D8059}.Release|Any CPU.ActiveCfg = Release|Any CPU
		{CDA18712-01E4-4BD2-BFF5-0A4E8E7D8059}.Release|Any CPU.Build.0 = Release|Any CPU
		{65EDEBDC-A0E6-4B37-95BC-7BC29451C780}.Debug|Any CPU.ActiveCfg = Debug|Any CPU
		{65EDEBDC-A0E6-4B37-95BC-7BC29451C780}.Debug|Any CPU.Build.0 = Debug|Any CPU
		{65EDEBDC-A0E6-4B37-95BC-7BC29451C780}.Release|Any CPU.ActiveCfg = Release|Any CPU
		{65EDEBDC-A0E6-4B37-95BC-7BC29451C780}.Release|Any CPU.Build.0 = Release|Any CPU
		{4D613BDC-A639-4D4B-8A47-98FC960DDBB9}.Debug|Any CPU.ActiveCfg = Debug|Any CPU
		{4D613BDC-A639-4D4B-8A47-98FC960DDBB9}.Debug|Any CPU.Build.0 = Debug|Any CPU
		{4D613BDC-A639-4D4B-8A47-98FC960DDBB9}.Release|Any CPU.ActiveCfg = Release|Any CPU
		{4D613BDC-A639-4D4B-8A47-98FC960DDBB9}.Release|Any CPU.Build.0 = Release|Any CPU
		{ADF95B2B-CBA8-4EF2-98B6-BE68BC47017A}.Debug|Any CPU.ActiveCfg = Debug|Any CPU
		{ADF95B2B-CBA8-4EF2-98B6-BE68BC47017A}.Debug|Any CPU.Build.0 = Debug|Any CPU
		{ADF95B2B-CBA8-4EF2-98B6-BE68BC47017A}.Release|Any CPU.ActiveCfg = Release|Any CPU
		{ADF95B2B-CBA8-4EF2-98B6-BE68BC47017A}.Release|Any CPU.Build.0 = Release|Any CPU
		{D996F88B-F786-4A6B-B49B-3BA4A2BE053C}.Debug|Any CPU.ActiveCfg = Debug|Any CPU
		{D996F88B-F786-4A6B-B49B-3BA4A2BE053C}.Debug|Any CPU.Build.0 = Debug|Any CPU
		{D996F88B-F786-4A6B-B49B-3BA4A2BE053C}.Release|Any CPU.ActiveCfg = Release|Any CPU
		{D996F88B-F786-4A6B-B49B-3BA4A2BE053C}.Release|Any CPU.Build.0 = Release|Any CPU
		{28FBFAE1-1120-4EC4-A4BA-25D33D61F085}.Debug|Any CPU.ActiveCfg = Debug|Any CPU
		{28FBFAE1-1120-4EC4-A4BA-25D33D61F085}.Debug|Any CPU.Build.0 = Debug|Any CPU
		{28FBFAE1-1120-4EC4-A4BA-25D33D61F085}.Release|Any CPU.ActiveCfg = Release|Any CPU
		{28FBFAE1-1120-4EC4-A4BA-25D33D61F085}.Release|Any CPU.Build.0 = Release|Any CPU
		{A45E5BBE-3860-4BDF-9DC6-F608CF74C72E}.Debug|Any CPU.ActiveCfg = Debug|Any CPU
		{A45E5BBE-3860-4BDF-9DC6-F608CF74C72E}.Debug|Any CPU.Build.0 = Debug|Any CPU
		{A45E5BBE-3860-4BDF-9DC6-F608CF74C72E}.Release|Any CPU.ActiveCfg = Release|Any CPU
		{A45E5BBE-3860-4BDF-9DC6-F608CF74C72E}.Release|Any CPU.Build.0 = Release|Any CPU
		{F409D363-7F4B-4395-802B-484181EDB36B}.Debug|Any CPU.ActiveCfg = Debug|Any CPU
		{F409D363-7F4B-4395-802B-484181EDB36B}.Debug|Any CPU.Build.0 = Debug|Any CPU
		{F409D363-7F4B-4395-802B-484181EDB36B}.Release|Any CPU.ActiveCfg = Release|Any CPU
		{F409D363-7F4B-4395-802B-484181EDB36B}.Release|Any CPU.Build.0 = Release|Any CPU
		{28640B9F-A43C-44E0-AC21-92E50C8B9336}.Debug|Any CPU.ActiveCfg = Debug|Any CPU
		{28640B9F-A43C-44E0-AC21-92E50C8B9336}.Debug|Any CPU.Build.0 = Debug|Any CPU
		{28640B9F-A43C-44E0-AC21-92E50C8B9336}.Release|Any CPU.ActiveCfg = Release|Any CPU
		{28640B9F-A43C-44E0-AC21-92E50C8B9336}.Release|Any CPU.Build.0 = Release|Any CPU
		{71AF9600-78C1-4662-A8EF-9391BB25EE1E}.Debug|Any CPU.ActiveCfg = Debug|Any CPU
		{71AF9600-78C1-4662-A8EF-9391BB25EE1E}.Debug|Any CPU.Build.0 = Debug|Any CPU
		{71AF9600-78C1-4662-A8EF-9391BB25EE1E}.Release|Any CPU.ActiveCfg = Release|Any CPU
		{71AF9600-78C1-4662-A8EF-9391BB25EE1E}.Release|Any CPU.Build.0 = Release|Any CPU
		{660399E5-250F-420C-8DAE-2A8774C6D1F5}.Debug|Any CPU.ActiveCfg = Debug|Any CPU
		{660399E5-250F-420C-8DAE-2A8774C6D1F5}.Debug|Any CPU.Build.0 = Debug|Any CPU
		{660399E5-250F-420C-8DAE-2A8774C6D1F5}.Release|Any CPU.ActiveCfg = Release|Any CPU
		{660399E5-250F-420C-8DAE-2A8774C6D1F5}.Release|Any CPU.Build.0 = Release|Any CPU
		{624D604D-A773-4C55-B90F-E2894B4932EC}.Debug|Any CPU.ActiveCfg = Debug|Any CPU
		{624D604D-A773-4C55-B90F-E2894B4932EC}.Debug|Any CPU.Build.0 = Debug|Any CPU
		{624D604D-A773-4C55-B90F-E2894B4932EC}.Release|Any CPU.ActiveCfg = Release|Any CPU
		{624D604D-A773-4C55-B90F-E2894B4932EC}.Release|Any CPU.Build.0 = Release|Any CPU
		{07847E0D-7851-42B6-BB9C-0764D5FA9A34}.Debug|Any CPU.ActiveCfg = Debug|Any CPU
		{07847E0D-7851-42B6-BB9C-0764D5FA9A34}.Debug|Any CPU.Build.0 = Debug|Any CPU
		{07847E0D-7851-42B6-BB9C-0764D5FA9A34}.Release|Any CPU.ActiveCfg = Release|Any CPU
		{07847E0D-7851-42B6-BB9C-0764D5FA9A34}.Release|Any CPU.Build.0 = Release|Any CPU
		{B2DCAF4A-B2BE-4D21-8CBF-8B8296377182}.Debug|Any CPU.ActiveCfg = Debug|Any CPU
		{B2DCAF4A-B2BE-4D21-8CBF-8B8296377182}.Debug|Any CPU.Build.0 = Debug|Any CPU
		{B2DCAF4A-B2BE-4D21-8CBF-8B8296377182}.Release|Any CPU.ActiveCfg = Release|Any CPU
		{B2DCAF4A-B2BE-4D21-8CBF-8B8296377182}.Release|Any CPU.Build.0 = Release|Any CPU
		{73CFD113-D2A0-49D6-8548-79BFA9EC0064}.Debug|Any CPU.ActiveCfg = Debug|Any CPU
		{73CFD113-D2A0-49D6-8548-79BFA9EC0064}.Debug|Any CPU.Build.0 = Debug|Any CPU
		{73CFD113-D2A0-49D6-8548-79BFA9EC0064}.Release|Any CPU.ActiveCfg = Release|Any CPU
		{73CFD113-D2A0-49D6-8548-79BFA9EC0064}.Release|Any CPU.Build.0 = Release|Any CPU
		{FA4A7AA1-F3E8-4931-89B7-71BB8DBBB687}.Debug|Any CPU.ActiveCfg = Debug|Any CPU
		{FA4A7AA1-F3E8-4931-89B7-71BB8DBBB687}.Debug|Any CPU.Build.0 = Debug|Any CPU
		{FA4A7AA1-F3E8-4931-89B7-71BB8DBBB687}.Release|Any CPU.ActiveCfg = Release|Any CPU
		{FA4A7AA1-F3E8-4931-89B7-71BB8DBBB687}.Release|Any CPU.Build.0 = Release|Any CPU
		{00983FAE-6FFE-430A-92D8-F0C8725EA737}.Debug|Any CPU.ActiveCfg = Debug|Any CPU
		{00983FAE-6FFE-430A-92D8-F0C8725EA737}.Debug|Any CPU.Build.0 = Debug|Any CPU
		{00983FAE-6FFE-430A-92D8-F0C8725EA737}.Release|Any CPU.ActiveCfg = Release|Any CPU
		{00983FAE-6FFE-430A-92D8-F0C8725EA737}.Release|Any CPU.Build.0 = Release|Any CPU
		{63DBC36C-CA5F-4CD5-AC66-3566ACA708A5}.Debug|Any CPU.ActiveCfg = Debug|Any CPU
		{63DBC36C-CA5F-4CD5-AC66-3566ACA708A5}.Debug|Any CPU.Build.0 = Debug|Any CPU
		{63DBC36C-CA5F-4CD5-AC66-3566ACA708A5}.Release|Any CPU.ActiveCfg = Release|Any CPU
		{63DBC36C-CA5F-4CD5-AC66-3566ACA708A5}.Release|Any CPU.Build.0 = Release|Any CPU
		{E74A671C-3BDB-4EA9-AE5D-6A2237EE9618}.Debug|Any CPU.ActiveCfg = Debug|Any CPU
		{E74A671C-3BDB-4EA9-AE5D-6A2237EE9618}.Debug|Any CPU.Build.0 = Debug|Any CPU
		{E74A671C-3BDB-4EA9-AE5D-6A2237EE9618}.Release|Any CPU.ActiveCfg = Release|Any CPU
		{E74A671C-3BDB-4EA9-AE5D-6A2237EE9618}.Release|Any CPU.Build.0 = Release|Any CPU
		{C661515C-70C5-4BAA-A284-3301BE21341C}.Debug|Any CPU.ActiveCfg = Debug|Any CPU
		{C661515C-70C5-4BAA-A284-3301BE21341C}.Debug|Any CPU.Build.0 = Debug|Any CPU
		{C661515C-70C5-4BAA-A284-3301BE21341C}.Release|Any CPU.ActiveCfg = Release|Any CPU
		{C661515C-70C5-4BAA-A284-3301BE21341C}.Release|Any CPU.Build.0 = Release|Any CPU
		{557CFB08-D8F0-4FD6-BBE5-8DCD3F2D100D}.Debug|Any CPU.ActiveCfg = Debug|Any CPU
		{557CFB08-D8F0-4FD6-BBE5-8DCD3F2D100D}.Debug|Any CPU.Build.0 = Debug|Any CPU
		{557CFB08-D8F0-4FD6-BBE5-8DCD3F2D100D}.Release|Any CPU.ActiveCfg = Release|Any CPU
		{557CFB08-D8F0-4FD6-BBE5-8DCD3F2D100D}.Release|Any CPU.Build.0 = Release|Any CPU
		{36E75117-5759-43A2-82F1-A19B32F70241}.Debug|Any CPU.ActiveCfg = Debug|Any CPU
		{36E75117-5759-43A2-82F1-A19B32F70241}.Debug|Any CPU.Build.0 = Debug|Any CPU
		{36E75117-5759-43A2-82F1-A19B32F70241}.Release|Any CPU.ActiveCfg = Release|Any CPU
		{36E75117-5759-43A2-82F1-A19B32F70241}.Release|Any CPU.Build.0 = Release|Any CPU
		{308095D5-EC33-45B2-A63A-1749A31A15C2}.Debug|Any CPU.ActiveCfg = Debug|Any CPU
		{308095D5-EC33-45B2-A63A-1749A31A15C2}.Debug|Any CPU.Build.0 = Debug|Any CPU
		{308095D5-EC33-45B2-A63A-1749A31A15C2}.Release|Any CPU.ActiveCfg = Release|Any CPU
		{308095D5-EC33-45B2-A63A-1749A31A15C2}.Release|Any CPU.Build.0 = Release|Any CPU
	EndGlobalSection
	GlobalSection(SolutionProperties) = preSolution
		HideSolutionNode = FALSE
	EndGlobalSection
EndGlobal
