
Microsoft Visual Studio Solution File, Format Version 12.00
# Visual Studio 2013
VisualStudioVersion = 12.0.30501.0
MinimumVisualStudioVersion = 10.0.40219.1
Project("{FAE04EC0-301F-11D3-BF4B-00C04F79EFBC}") = "W07Q01", "W07Q01\W07Q01.csproj", "{456F2D57-09A0-4F4E-82DC-F081C21F16E2}"
EndProject
Project("{FAE04EC0-301F-11D3-BF4B-00C04F79EFBC}") = "W07Q02", "W07Q02\W07Q02.csproj", "{E599CAEC-85B4-45CA-9C6C-7D4A32300E21}"
EndProject
Project("{FAE04EC0-301F-11D3-BF4B-00C04F79EFBC}") = "W07Q03", "W07Q03\W07Q03.csproj", "{C05A0DDD-2057-46BC-9F71-F2FF2361DFAA}"
EndProject
Project("{FAE04EC0-301F-11D3-BF4B-00C04F79EFBC}") = "W07Q04", "W07Q04\W07Q04.csproj", "{FD195078-9B94-4B85-AB5B-6D9F97A4BA7F}"
EndProject
Project("{FAE04EC0-301F-11D3-BF4B-00C04F79EFBC}") = "W07Q05", "W07Q05\W07Q05.csproj", "{5AEA3A65-09B0-443F-A8E6-E9F71E129829}"
EndProject
Project("{FAE04EC0-301F-11D3-BF4B-00C04F79EFBC}") = "W07Q06", "W07Q06\W07Q06.csproj", "{BA755644-A144-41F2-BD29-ABA51B5E3962}"
EndProject
Project("{FAE04EC0-301F-11D3-BF4B-00C04F79EFBC}") = "W07Q07", "W07Q07\W07Q07.csproj", "{D3B1BCFA-3450-46FD-9202-340B5F5EF50E}"
EndProject
Project("{FAE04EC0-301F-11D3-BF4B-00C04F79EFBC}") = "W07Q09", "W07Q09\W07Q09.csproj", "{1EC24DC3-AEF7-4BC6-8F93-B70F1AC19C1E}"
EndProject
Project("{FAE04EC0-301F-11D3-BF4B-00C04F79EFBC}") = "W07Q08", "W07Q08\W07Q08.csproj", "{B817168F-9040-46BC-9EE0-62D1633CEEB9}"
EndProject
Project("{FAE04EC0-301F-11D3-BF4B-00C04F79EFBC}") = "W07Q10", "W07Q10\W07Q10.csproj", "{ED80076D-1784-477D-800F-BCB8466A6632}"
EndProject
Project("{FAE04EC0-301F-11D3-BF4B-00C04F79EFBC}") = "W07Q11", "W07Q11\W07Q11.csproj", "{213141A4-E8BF-4D81-A1FE-49C0701D4CA3}"
EndProject
Global
	GlobalSection(SolutionConfigurationPlatforms) = preSolution
		Debug|Any CPU = Debug|Any CPU
		Release|Any CPU = Release|Any CPU
	EndGlobalSection
	GlobalSection(ProjectConfigurationPlatforms) = postSolution
		{456F2D57-09A0-4F4E-82DC-F081C21F16E2}.Debug|Any CPU.ActiveCfg = Debug|Any CPU
		{456F2D57-09A0-4F4E-82DC-F081C21F16E2}.Debug|Any CPU.Build.0 = Debug|Any CPU
		{456F2D57-09A0-4F4E-82DC-F081C21F16E2}.Release|Any CPU.ActiveCfg = Release|Any CPU
		{456F2D57-09A0-4F4E-82DC-F081C21F16E2}.Release|Any CPU.Build.0 = Release|Any CPU
		{E599CAEC-85B4-45CA-9C6C-7D4A32300E21}.Debug|Any CPU.ActiveCfg = Debug|Any CPU
		{E599CAEC-85B4-45CA-9C6C-7D4A32300E21}.Debug|Any CPU.Build.0 = Debug|Any CPU
		{E599CAEC-85B4-45CA-9C6C-7D4A32300E21}.Release|Any CPU.ActiveCfg = Release|Any CPU
		{E599CAEC-85B4-45CA-9C6C-7D4A32300E21}.Release|Any CPU.Build.0 = Release|Any CPU
		{C05A0DDD-2057-46BC-9F71-F2FF2361DFAA}.Debug|Any CPU.ActiveCfg = Debug|Any CPU
		{C05A0DDD-2057-46BC-9F71-F2FF2361DFAA}.Debug|Any CPU.Build.0 = Debug|Any CPU
		{C05A0DDD-2057-46BC-9F71-F2FF2361DFAA}.Release|Any CPU.ActiveCfg = Release|Any CPU
		{C05A0DDD-2057-46BC-9F71-F2FF2361DFAA}.Release|Any CPU.Build.0 = Release|Any CPU
		{FD195078-9B94-4B85-AB5B-6D9F97A4BA7F}.Debug|Any CPU.ActiveCfg = Debug|Any CPU
		{FD195078-9B94-4B85-AB5B-6D9F97A4BA7F}.Debug|Any CPU.Build.0 = Debug|Any CPU
		{FD195078-9B94-4B85-AB5B-6D9F97A4BA7F}.Release|Any CPU.ActiveCfg = Release|Any CPU
		{FD195078-9B94-4B85-AB5B-6D9F97A4BA7F}.Release|Any CPU.Build.0 = Release|Any CPU
		{5AEA3A65-09B0-443F-A8E6-E9F71E129829}.Debug|Any CPU.ActiveCfg = Debug|Any CPU
		{5AEA3A65-09B0-443F-A8E6-E9F71E129829}.Debug|Any CPU.Build.0 = Debug|Any CPU
		{5AEA3A65-09B0-443F-A8E6-E9F71E129829}.Release|Any CPU.ActiveCfg = Release|Any CPU
		{5AEA3A65-09B0-443F-A8E6-E9F71E129829}.Release|Any CPU.Build.0 = Release|Any CPU
		{BA755644-A144-41F2-BD29-ABA51B5E3962}.Debug|Any CPU.ActiveCfg = Debug|Any CPU
		{BA755644-A144-41F2-BD29-ABA51B5E3962}.Debug|Any CPU.Build.0 = Debug|Any CPU
		{BA755644-A144-41F2-BD29-ABA51B5E3962}.Release|Any CPU.ActiveCfg = Release|Any CPU
		{BA755644-A144-41F2-BD29-ABA51B5E3962}.Release|Any CPU.Build.0 = Release|Any CPU
		{D3B1BCFA-3450-46FD-9202-340B5F5EF50E}.Debug|Any CPU.ActiveCfg = Debug|Any CPU
		{D3B1BCFA-3450-46FD-9202-340B5F5EF50E}.Debug|Any CPU.Build.0 = Debug|Any CPU
		{D3B1BCFA-3450-46FD-9202-340B5F5EF50E}.Release|Any CPU.ActiveCfg = Release|Any CPU
		{D3B1BCFA-3450-46FD-9202-340B5F5EF50E}.Release|Any CPU.Build.0 = Release|Any CPU
		{1EC24DC3-AEF7-4BC6-8F93-B70F1AC19C1E}.Debug|Any CPU.ActiveCfg = Debug|Any CPU
		{1EC24DC3-AEF7-4BC6-8F93-B70F1AC19C1E}.Debug|Any CPU.Build.0 = Debug|Any CPU
		{1EC24DC3-AEF7-4BC6-8F93-B70F1AC19C1E}.Release|Any CPU.ActiveCfg = Release|Any CPU
		{1EC24DC3-AEF7-4BC6-8F93-B70F1AC19C1E}.Release|Any CPU.Build.0 = Release|Any CPU
		{B817168F-9040-46BC-9EE0-62D1633CEEB9}.Debug|Any CPU.ActiveCfg = Debug|Any CPU
		{B817168F-9040-46BC-9EE0-62D1633CEEB9}.Debug|Any CPU.Build.0 = Debug|Any CPU
		{B817168F-9040-46BC-9EE0-62D1633CEEB9}.Release|Any CPU.ActiveCfg = Release|Any CPU
		{B817168F-9040-46BC-9EE0-62D1633CEEB9}.Release|Any CPU.Build.0 = Release|Any CPU
		{ED80076D-1784-477D-800F-BCB8466A6632}.Debug|Any CPU.ActiveCfg = Debug|Any CPU
		{ED80076D-1784-477D-800F-BCB8466A6632}.Debug|Any CPU.Build.0 = Debug|Any CPU
		{ED80076D-1784-477D-800F-BCB8466A6632}.Release|Any CPU.ActiveCfg = Release|Any CPU
		{ED80076D-1784-477D-800F-BCB8466A6632}.Release|Any CPU.Build.0 = Release|Any CPU
		{213141A4-E8BF-4D81-A1FE-49C0701D4CA3}.Debug|Any CPU.ActiveCfg = Debug|Any CPU
		{213141A4-E8BF-4D81-A1FE-49C0701D4CA3}.Debug|Any CPU.Build.0 = Debug|Any CPU
		{213141A4-E8BF-4D81-A1FE-49C0701D4CA3}.Release|Any CPU.ActiveCfg = Release|Any CPU
		{213141A4-E8BF-4D81-A1FE-49C0701D4CA3}.Release|Any CPU.Build.0 = Release|Any CPU
	EndGlobalSection
	GlobalSection(SolutionProperties) = preSolution
		HideSolutionNode = FALSE
	EndGlobalSection
EndGlobal
