
Microsoft Visual Studio Solution File, Format Version 12.00
# Visual Studio 2013
VisualStudioVersion = 12.0.30501.0
MinimumVisualStudioVersion = 10.0.40219.1
Project("{FAE04EC0-301F-11D3-BF4B-00C04F79EFBC}") = "MethodDemo", "MethodDemo\MethodDemo.csproj", "{7D3A3D5D-A5F0-4FA8-8D23-311BD16ED869}"
EndProject
Project("{FAE04EC0-301F-11D3-BF4B-00C04F79EFBC}") = "W09E01", "W09E01\W09E01.csproj", "{39534B4A-4B70-4451-B149-B72BBA71B09B}"
EndProject
Project("{FAE04EC0-301F-11D3-BF4B-00C04F79EFBC}") = "W09E02", "W09E02\W09E02.csproj", "{C54C4EAC-AC71-4398-97C1-7A778FD7D0AE}"
EndProject
Project("{FAE04EC0-301F-11D3-BF4B-00C04F79EFBC}") = "W09E03", "W09E03\W09E03.csproj", "{151607D4-1F8D-4A0B-A7C4-CA58505FBF2C}"
EndProject
Project("{FAE04EC0-301F-11D3-BF4B-00C04F79EFBC}") = "W09E04", "W09E04\W09E04.csproj", "{0F44B5F5-A3EA-449E-9036-7B4467935B2B}"
EndProject
Project("{FAE04EC0-301F-11D3-BF4B-00C04F79EFBC}") = "W09E05", "W09E05\W09E05.csproj", "{90384C70-6646-499A-8AA2-106084E2722E}"
EndProject
Global
	GlobalSection(SolutionConfigurationPlatforms) = preSolution
		Debug|Any CPU = Debug|Any CPU
		Release|Any CPU = Release|Any CPU
	EndGlobalSection
	GlobalSection(ProjectConfigurationPlatforms) = postSolution
		{7D3A3D5D-A5F0-4FA8-8D23-311BD16ED869}.Debug|Any CPU.ActiveCfg = Debug|Any CPU
		{7D3A3D5D-A5F0-4FA8-8D23-311BD16ED869}.Debug|Any CPU.Build.0 = Debug|Any CPU
		{7D3A3D5D-A5F0-4FA8-8D23-311BD16ED869}.Release|Any CPU.ActiveCfg = Release|Any CPU
		{7D3A3D5D-A5F0-4FA8-8D23-311BD16ED869}.Release|Any CPU.Build.0 = Release|Any CPU
		{39534B4A-4B70-4451-B149-B72BBA71B09B}.Debug|Any CPU.ActiveCfg = Debug|Any CPU
		{39534B4A-4B70-4451-B149-B72BBA71B09B}.Debug|Any CPU.Build.0 = Debug|Any CPU
		{39534B4A-4B70-4451-B149-B72BBA71B09B}.Release|Any CPU.ActiveCfg = Release|Any CPU
		{39534B4A-4B70-4451-B149-B72BBA71B09B}.Release|Any CPU.Build.0 = Release|Any CPU
		{C54C4EAC-AC71-4398-97C1-7A778FD7D0AE}.Debug|Any CPU.ActiveCfg = Debug|Any CPU
		{C54C4EAC-AC71-4398-97C1-7A778FD7D0AE}.Debug|Any CPU.Build.0 = Debug|Any CPU
		{C54C4EAC-AC71-4398-97C1-7A778FD7D0AE}.Release|Any CPU.ActiveCfg = Release|Any CPU
		{C54C4EAC-AC71-4398-97C1-7A778FD7D0AE}.Release|Any CPU.Build.0 = Release|Any CPU
		{151607D4-1F8D-4A0B-A7C4-CA58505FBF2C}.Debug|Any CPU.ActiveCfg = Debug|Any CPU
		{151607D4-1F8D-4A0B-A7C4-CA58505FBF2C}.Debug|Any CPU.Build.0 = Debug|Any CPU
		{151607D4-1F8D-4A0B-A7C4-CA58505FBF2C}.Release|Any CPU.ActiveCfg = Release|Any CPU
		{151607D4-1F8D-4A0B-A7C4-CA58505FBF2C}.Release|Any CPU.Build.0 = Release|Any CPU
		{0F44B5F5-A3EA-449E-9036-7B4467935B2B}.Debug|Any CPU.ActiveCfg = Debug|Any CPU
		{0F44B5F5-A3EA-449E-9036-7B4467935B2B}.Debug|Any CPU.Build.0 = Debug|Any CPU
		{0F44B5F5-A3EA-449E-9036-7B4467935B2B}.Release|Any CPU.ActiveCfg = Release|Any CPU
		{0F44B5F5-A3EA-449E-9036-7B4467935B2B}.Release|Any CPU.Build.0 = Release|Any CPU
		{90384C70-6646-499A-8AA2-106084E2722E}.Debug|Any CPU.ActiveCfg = Debug|Any CPU
		{90384C70-6646-499A-8AA2-106084E2722E}.Debug|Any CPU.Build.0 = Debug|Any CPU
		{90384C70-6646-499A-8AA2-106084E2722E}.Release|Any CPU.ActiveCfg = Release|Any CPU
		{90384C70-6646-499A-8AA2-106084E2722E}.Release|Any CPU.Build.0 = Release|Any CPU
	EndGlobalSection
	GlobalSection(SolutionProperties) = preSolution
		HideSolutionNode = FALSE
	EndGlobalSection
EndGlobal
